<?xml version="1.0" encoding="utf-8"?>
<Project ToolsVersion="4.0" xmlns="http://schemas.microsoft.com/developer/msbuild/2003">
  <ItemGroup>
    <Filter Include="Pliki źródłowe">
      <UniqueIdentifier>{4FC737F1-C7A5-4376-A066-2A32D752A2FF}</UniqueIdentifier>
      <Extensions>cpp;c;cc;cxx;def;odl;idl;hpj;bat;asm;asmx</Extensions>
    </Filter>
    <Filter Include="Pliki nagłówkowe">
      <UniqueIdentifier>{93995380-89BD-4b04-88EB-625FBE52EBFB}</UniqueIdentifier>
      <Extensions>h;hh;hpp;hxx;hm;inl;inc;ipp;xsd</Extensions>
    </Filter>
    <Filter Include="Pliki zasobów">
      <UniqueIdentifier>{67DA6AB6-F800-4c08-8B7A-83BB121AAD01}</UniqueIdentifier>
      <Extensions>rc;ico;cur;bmp;dlg;rc2;rct;bin;rgs;gif;jpg;jpeg;jpe;resx;tiff;tif;png;wav;mfcribbon-ms</Extensions>
    </Filter>
    <Filter Include="Pliki źródłowe\GLAD">
      <UniqueIdentifier>{e077bcf1-94a4-4eee-be79-cf729aa8291e}</UniqueIdentifier>
    </Filter>
    <Filter Include="Pliki nagłówkowe\DEFINES">
      <UniqueIdentifier>{7fed79c2-8bfd-425f-9ee7-170f45cdbd2a}</UniqueIdentifier>
    </Filter>
    <Filter Include="Pliki źródłowe\GUI">
      <UniqueIdentifier>{abea1b0e-55f5-4e25-ba01-352dccf0a7b9}</UniqueIdentifier>
    </Filter>
    <Filter Include="Pliki nagłówkowe\GUI">
      <UniqueIdentifier>{1d0d8e1b-8c70-4b21-8fbf-7d4295f44122}</UniqueIdentifier>
    </Filter>
    <Filter Include="Pliki nagłówkowe\LOGGER">
      <UniqueIdentifier>{899cfe23-eab2-4412-8e37-c5bed2655e86}</UniqueIdentifier>
    </Filter>
    <Filter Include="Pliki źródłowe\LOGGER">
      <UniqueIdentifier>{c79ab76e-aad5-48b8-86a4-5450ccb59c3c}</UniqueIdentifier>
    </Filter>
    <Filter Include="Pliki źródłowe\GUI\IMGUI">
      <UniqueIdentifier>{b9ce43dd-9eb3-453d-81b8-0fce4ac341bc}</UniqueIdentifier>
    </Filter>
    <Filter Include="Pliki nagłówkowe\MESHES">
      <UniqueIdentifier>{27c3f6a4-3ba3-4252-9a9c-8134665fcbb8}</UniqueIdentifier>
    </Filter>
    <Filter Include="Pliki źródłowe\MESHES">
      <UniqueIdentifier>{22b7e283-fc30-4d3c-953b-7b2729d6b16a}</UniqueIdentifier>
    </Filter>
    <Filter Include="Pliki nagłówkowe\MESHES\BUILDERS">
      <UniqueIdentifier>{3c298fc2-e110-4811-b349-935ee6055220}</UniqueIdentifier>
    </Filter>
    <Filter Include="Pliki źródłowe\MESHES\BUILDERS">
      <UniqueIdentifier>{b463fc12-9753-44df-8272-0fee0c87895f}</UniqueIdentifier>
    </Filter>
    <Filter Include="Pliki nagłówkowe\MESHES\OBJECTS">
      <UniqueIdentifier>{e44ae294-70c3-49de-ba65-e6106b4412fa}</UniqueIdentifier>
    </Filter>
    <Filter Include="Pliki nagłówkowe\GUI\IMGUI">
      <UniqueIdentifier>{c6553ae8-b078-4da3-b388-93079f53f595}</UniqueIdentifier>
    </Filter>
    <Filter Include="Pliki źródłowe\Managers">
      <UniqueIdentifier>{cb182ae9-386e-47dc-ae5e-49997400fd7e}</UniqueIdentifier>
    </Filter>
    <Filter Include="Pliki nagłówkowe\Managers">
      <UniqueIdentifier>{c2aa8c25-319e-4746-ad7a-955c9354fad6}</UniqueIdentifier>
    </Filter>
    <Filter Include="Pliki nagłówkowe\LIBS">
      <UniqueIdentifier>{c9e21470-fbae-4316-afa3-55abf219a10a}</UniqueIdentifier>
    </Filter>
    <Filter Include="Pliki źródłowe\Camera">
      <UniqueIdentifier>{e4c9b135-f734-4c25-a479-0204cd422b34}</UniqueIdentifier>
    </Filter>
    <Filter Include="Pliki źródłowe\Loaders">
      <UniqueIdentifier>{9501f7f9-92d1-4a71-8976-1c3065e62d14}</UniqueIdentifier>
    </Filter>
    <Filter Include="Pliki nagłówkowe\Camera">
      <UniqueIdentifier>{658bacaa-04bd-4166-85a8-10d6b623d74a}</UniqueIdentifier>
    </Filter>
    <Filter Include="Pliki nagłówkowe\Loaders">
      <UniqueIdentifier>{a79d438e-f802-4d0c-8a7b-a4984f079ba3}</UniqueIdentifier>
    </Filter>
    <Filter Include="Pliki nagłówkowe\Shaders">
      <UniqueIdentifier>{035393d7-42de-4786-a179-ee4df4d32acd}</UniqueIdentifier>
    </Filter>
    <Filter Include="Pliki źródłowe\Shaders">
      <UniqueIdentifier>{106343f7-001a-4c17-a0c2-4eb7bd29f39c}</UniqueIdentifier>
    </Filter>
    <Filter Include="Pliki nagłówkowe\Utility">
      <UniqueIdentifier>{2d882dd7-ccc3-4a78-89bc-27edfc79c31a}</UniqueIdentifier>
    </Filter>
    <Filter Include="Pliki źródłowe\Utility">
      <UniqueIdentifier>{18108930-4dfe-485e-90fa-e01ab081d1ce}</UniqueIdentifier>
    </Filter>
    <Filter Include="Pliki nagłówkowe\Physics">
      <UniqueIdentifier>{371081fd-c70c-4d6f-9543-31f20eb358a7}</UniqueIdentifier>
    </Filter>
    <Filter Include="Pliki źródłowe\Physics">
      <UniqueIdentifier>{19a496ad-54da-40d0-a5ab-4c19a350d377}</UniqueIdentifier>
    </Filter>
    <Filter Include="Pliki nagłówkowe\Observers">
      <UniqueIdentifier>{ac9d12ee-2449-41dd-814c-e4e63c31a71d}</UniqueIdentifier>
    </Filter>
    <Filter Include="Pliki źródłowe\Observers">
      <UniqueIdentifier>{5b5537bb-ce37-4fa7-b147-b6daac95a1f2}</UniqueIdentifier>
    </Filter>
    <Filter Include="Pliki nagłówkowe\MESHES\BUILDERS\MeshBuilders">
      <UniqueIdentifier>{39f1f7d1-40cd-4138-99aa-c174f9d6a659}</UniqueIdentifier>
    </Filter>
    <Filter Include="Pliki nagłówkowe\MESHES\BUILDERS\ObjectBuilder">
      <UniqueIdentifier>{55d75813-3d67-4704-a742-6a7d95ff35f4}</UniqueIdentifier>
    </Filter>
    <Filter Include="Pliki źródłowe\MESHES\BUILDERS\MeshBuilders">
      <UniqueIdentifier>{55ae96da-52dd-479a-96a6-312ce1885ee9}</UniqueIdentifier>
    </Filter>
    <Filter Include="Pliki źródłowe\MESHES\BUILDERS\ObjectBuilders">
      <UniqueIdentifier>{c105fc76-129b-41bc-b6ae-fceef5b7c5c1}</UniqueIdentifier>
    </Filter>
    <Filter Include="Pliki nagłówkowe\ExternalClasses">
      <UniqueIdentifier>{e5d958a4-fdd9-4f62-a6c5-e19e6df78ac0}</UniqueIdentifier>
    </Filter>
    <Filter Include="Pliki źródłowe\ExternalClasses">
      <UniqueIdentifier>{47de9397-4a9a-4ae4-a15e-5c1fba714937}</UniqueIdentifier>
    </Filter>
  </ItemGroup>
  <ItemGroup>
    <ClCompile Include="Source\glad.c">
      <Filter>Pliki źródłowe\GLAD</Filter>
    </ClCompile>
    <ClCompile Include="Source\Window.cpp">
      <Filter>Pliki źródłowe\GUI</Filter>
    </ClCompile>
    <ClCompile Include="Source\VertexArray.cpp">
      <Filter>Pliki źródłowe\MESHES</Filter>
    </ClCompile>
    <ClCompile Include="Source\Logger.cpp">
      <Filter>Pliki źródłowe\LOGGER</Filter>
    </ClCompile>
    <ClCompile Include="..\Libs\ImGUI\imgui_widgets.cpp">
      <Filter>Pliki źródłowe\GUI\IMGUI</Filter>
    </ClCompile>
    <ClCompile Include="..\Libs\ImGUI\imgui_draw.cpp">
      <Filter>Pliki źródłowe\GUI\IMGUI</Filter>
    </ClCompile>
    <ClCompile Include="..\Libs\ImGUI\imgui_demo.cpp">
      <Filter>Pliki źródłowe\GUI\IMGUI</Filter>
    </ClCompile>
    <ClCompile Include="..\Libs\ImGUI\imgui.cpp">
      <Filter>Pliki źródłowe\GUI\IMGUI</Filter>
    </ClCompile>
    <ClCompile Include="..\Libs\ImGUI\imgui_impl_glfw.cpp">
      <Filter>Pliki źródłowe\GUI\IMGUI</Filter>
    </ClCompile>
    <ClCompile Include="..\Libs\ImGUI\imgui_impl_opengl3.cpp">
      <Filter>Pliki źródłowe\GUI\IMGUI</Filter>
    </ClCompile>
    <ClCompile Include="Source\Scene.cpp">
      <Filter>Pliki źródłowe</Filter>
    </ClCompile>
    <ClCompile Include="Source\Shader.cpp">
      <Filter>Pliki źródłowe\Shaders</Filter>
    </ClCompile>
    <ClCompile Include="Source\EditorManager.cpp">
      <Filter>Pliki źródłowe\Managers</Filter>
    </ClCompile>
    <ClCompile Include="Source\GameManager.cpp">
      <Filter>Pliki źródłowe\Managers</Filter>
    </ClCompile>
    <ClCompile Include="Source\PhysicsManager.cpp">
      <Filter>Pliki źródłowe\Managers</Filter>
    </ClCompile>
    <ClCompile Include="Source\GuiManager.cpp">
      <Filter>Pliki źródłowe\Managers</Filter>
    </ClCompile>
    <ClCompile Include="Source\RenderManager.cpp">
      <Filter>Pliki źródłowe\Managers</Filter>
    </ClCompile>
    <ClCompile Include="Source\ScenesManager.cpp">
      <Filter>Pliki źródłowe\Managers</Filter>
    </ClCompile>
    <ClCompile Include="Source\ShaderManager.cpp">
      <Filter>Pliki źródłowe\Managers</Filter>
    </ClCompile>
    <ClCompile Include="Source\TextureManager.cpp">
      <Filter>Pliki źródłowe\Managers</Filter>
    </ClCompile>
    <ClCompile Include="Source\FileManager.cpp">
      <Filter>Pliki źródłowe\Managers</Filter>
    </ClCompile>
    <ClCompile Include="Source\ObjectManager.cpp">
      <Filter>Pliki źródłowe\Managers</Filter>
    </ClCompile>
    <ClCompile Include="Source\InputManager.cpp">
      <Filter>Pliki źródłowe\Managers</Filter>
    </ClCompile>
    <ClCompile Include="Source\PrefabManager.cpp">
      <Filter>Pliki źródłowe\Managers</Filter>
    </ClCompile>
    <ClCompile Include="Source\Camera.cpp">
      <Filter>Pliki źródłowe\Camera</Filter>
    </ClCompile>
    <ClCompile Include="Source\TextureLoader.cpp">
      <Filter>Pliki źródłowe\Loaders</Filter>
    </ClCompile>
    <ClCompile Include="Source\ShaderLoader.cpp">
      <Filter>Pliki źródłowe\Loaders</Filter>
    </ClCompile>
    <ClCompile Include="Source\MouseRay.cpp">
      <Filter>Pliki źródłowe</Filter>
    </ClCompile>
    <ClCompile Include="Source\WindowManager.cpp">
      <Filter>Pliki źródłowe\Managers</Filter>
    </ClCompile>
    <ClCompile Include="Source\TimeManager.cpp">
      <Filter>Pliki źródłowe\Managers</Filter>
    </ClCompile>
    <ClCompile Include="Source\FilePathParser.cpp">
      <Filter>Pliki źródłowe\Utility</Filter>
    </ClCompile>
    <ClCompile Include="Source\ColiderObserver.cpp">
      <Filter>Pliki źródłowe\Observers</Filter>
    </ClCompile>
    <ClCompile Include="Source\ColiderBuilder.cpp">
      <Filter>Pliki źródłowe\MESHES\BUILDERS\ObjectBuilders</Filter>
    </ClCompile>
    <ClCompile Include="Source\CubeColiderBuilder.cpp">
      <Filter>Pliki źródłowe\MESHES\BUILDERS\MeshBuilders</Filter>
    </ClCompile>
    <ClCompile Include="Source\LightBuilder.cpp">
      <Filter>Pliki źródłowe\MESHES\BUILDERS\ObjectBuilders</Filter>
    </ClCompile>
    <ClCompile Include="Source\LoadedObjectBuilder.cpp">
      <Filter>Pliki źródłowe\MESHES\BUILDERS\ObjectBuilders</Filter>
    </ClCompile>
    <ClCompile Include="Source\ScreenQuadBuilder.cpp">
      <Filter>Pliki źródłowe\MESHES\BUILDERS\ObjectBuilders</Filter>
    </ClCompile>
    <ClCompile Include="Source\ScreenQuadMeshBuilder.cpp">
      <Filter>Pliki źródłowe\MESHES\BUILDERS\MeshBuilders</Filter>
    </ClCompile>
    <ClCompile Include="Source\TerrainMeshBuilder.cpp">
      <Filter>Pliki źródłowe\MESHES\BUILDERS\MeshBuilders</Filter>
    </ClCompile>
    <ClCompile Include="Source\TerrainBuilder.cpp">
      <Filter>Pliki źródłowe\MESHES\BUILDERS\ObjectBuilders</Filter>
    </ClCompile>
  </ItemGroup>
  <ItemGroup>
    <ClInclude Include="Include\Defines.h">
      <Filter>Pliki nagłówkowe\DEFINES</Filter>
    </ClInclude>
    <ClInclude Include="Include\Shader.h">
      <Filter>Pliki nagłówkowe\Shaders</Filter>
    </ClInclude>
    <ClInclude Include="Include\Window.h">
      <Filter>Pliki nagłówkowe\GUI</Filter>
    </ClInclude>
    <ClInclude Include="Include\VertexArray.h">
      <Filter>Pliki nagłówkowe\MESHES</Filter>
    </ClInclude>
    <ClInclude Include="Include\Logger.h">
      <Filter>Pliki nagłówkowe\LOGGER</Filter>
    </ClInclude>
    <ClInclude Include="Include\Object.h">
      <Filter>Pliki nagłówkowe\MESHES\OBJECTS</Filter>
    </ClInclude>
    <ClInclude Include="..\Libs\ImGUI\imconfig.h">
      <Filter>Pliki nagłówkowe\GUI\IMGUI</Filter>
    </ClInclude>
    <ClInclude Include="..\Libs\ImGUI\imgui.h">
      <Filter>Pliki nagłówkowe\GUI\IMGUI</Filter>
    </ClInclude>
    <ClInclude Include="..\Libs\ImGUI\imgui_impl_glfw.h">
      <Filter>Pliki nagłówkowe\GUI\IMGUI</Filter>
    </ClInclude>
    <ClInclude Include="..\Libs\ImGUI\imgui_impl_opengl3.h">
      <Filter>Pliki nagłówkowe\GUI\IMGUI</Filter>
    </ClInclude>
    <ClInclude Include="..\Libs\ImGUI\imgui_internal.h">
      <Filter>Pliki nagłówkowe\GUI\IMGUI</Filter>
    </ClInclude>
    <ClInclude Include="..\Libs\ImGUI\imstb_rectpack.h">
      <Filter>Pliki nagłówkowe\GUI\IMGUI</Filter>
    </ClInclude>
    <ClInclude Include="..\Libs\ImGUI\imstb_textedit.h">
      <Filter>Pliki nagłówkowe\GUI\IMGUI</Filter>
    </ClInclude>
    <ClInclude Include="..\Libs\ImGUI\imstb_truetype.h">
      <Filter>Pliki nagłówkowe\GUI\IMGUI</Filter>
    </ClInclude>
    <ClInclude Include="Include\Scene.h">
      <Filter>Pliki nagłówkowe</Filter>
    </ClInclude>
    <ClInclude Include="Include\EditorManager.h">
      <Filter>Pliki nagłówkowe\Managers</Filter>
    </ClInclude>
    <ClInclude Include="Include\GameManager.h">
      <Filter>Pliki nagłówkowe\Managers</Filter>
    </ClInclude>
    <ClInclude Include="Include\GuiManager.h">
      <Filter>Pliki nagłówkowe\Managers</Filter>
    </ClInclude>
    <ClInclude Include="Include\PhysicsManager.h">
      <Filter>Pliki nagłówkowe\Managers</Filter>
    </ClInclude>
    <ClInclude Include="Include\RenderManager.h">
      <Filter>Pliki nagłówkowe\Managers</Filter>
    </ClInclude>
    <ClInclude Include="Include\ScenesManager.h">
      <Filter>Pliki nagłówkowe\Managers</Filter>
    </ClInclude>
    <ClInclude Include="Include\ShaderManager.h">
      <Filter>Pliki nagłówkowe\Managers</Filter>
    </ClInclude>
    <ClInclude Include="Include\TextureManager.h">
      <Filter>Pliki nagłówkowe\Managers</Filter>
    </ClInclude>
    <ClInclude Include="Include\FileManager.h">
      <Filter>Pliki nagłówkowe\Managers</Filter>
    </ClInclude>
    <ClInclude Include="Include\ObjectManager.h">
      <Filter>Pliki nagłówkowe\Managers</Filter>
    </ClInclude>
    <ClInclude Include="Include\InputManager.h">
      <Filter>Pliki nagłówkowe\Managers</Filter>
    </ClInclude>
    <ClInclude Include="Include\STB.h">
      <Filter>Pliki nagłówkowe\DEFINES</Filter>
    </ClInclude>
    <ClInclude Include="Include\stb_image.h">
      <Filter>Pliki nagłówkowe\LIBS</Filter>
    </ClInclude>
    <ClInclude Include="Include\Mesh.h">
      <Filter>Pliki nagłówkowe\MESHES</Filter>
    </ClInclude>
    <ClInclude Include="Include\PrefabManager.h">
      <Filter>Pliki nagłówkowe\Managers</Filter>
    </ClInclude>
    <ClInclude Include="Include\Camera.h">
      <Filter>Pliki nagłówkowe\Camera</Filter>
    </ClInclude>
    <ClInclude Include="Include\ShaderLoader.h">
      <Filter>Pliki nagłówkowe\Loaders</Filter>
    </ClInclude>
    <ClInclude Include="Include\TextureLoader.h">
      <Filter>Pliki nagłówkowe\Loaders</Filter>
    </ClInclude>
    <ClInclude Include="Include\MouseRay.h">
      <Filter>Pliki nagłówkowe</Filter>
    </ClInclude>
    <ClInclude Include="Include\WindowManager.h">
      <Filter>Pliki nagłówkowe\Managers</Filter>
    </ClInclude>
    <ClInclude Include="Include\TimeManager.h">
      <Filter>Pliki nagłówkowe\Managers</Filter>
    </ClInclude>
    <ClInclude Include="Include\FilePathParser.h">
      <Filter>Pliki nagłówkowe\Utility</Filter>
    </ClInclude>
    <ClInclude Include="Include\IColiderObserver.h">
      <Filter>Pliki nagłówkowe\Observers</Filter>
    </ClInclude>
    <ClInclude Include="Include\ColiderObserver.h">
      <Filter>Pliki nagłówkowe\Observers</Filter>
    </ClInclude>
    <ClInclude Include="Include\ColiderStates.h">
      <Filter>Pliki nagłówkowe\DEFINES</Filter>
    </ClInclude>
    <ClInclude Include="Include\Transform.h">
      <Filter>Pliki nagłówkowe\MESHES\OBJECTS</Filter>
    </ClInclude>
    <ClInclude Include="Include\Collider.h">
      <Filter>Pliki nagłówkowe\MESHES\OBJECTS</Filter>
    </ClInclude>
    <ClInclude Include="Include\Utilities.h">
      <Filter>Pliki nagłówkowe\Utility</Filter>
    </ClInclude>
    <ClInclude Include="Include\Light.h">
      <Filter>Pliki nagłówkowe\MESHES\OBJECTS</Filter>
    </ClInclude>
    <ClInclude Include="Include\TerrainMeshBuilder.h">
      <Filter>Pliki nagłówkowe\MESHES\BUILDERS\MeshBuilders</Filter>
    </ClInclude>
    <ClInclude Include="Include\TerrainBuilder.h">
      <Filter>Pliki nagłówkowe\MESHES\BUILDERS\ObjectBuilder</Filter>
    </ClInclude>
    <ClInclude Include="Include\ColiderBuilder.h">
      <Filter>Pliki nagłówkowe\MESHES\BUILDERS\ObjectBuilder</Filter>
    </ClInclude>
    <ClInclude Include="Include\LightBuilder.h">
      <Filter>Pliki nagłówkowe\MESHES\BUILDERS\ObjectBuilder</Filter>
    </ClInclude>
    <ClInclude Include="Include\ModelBuilder.h">
      <Filter>Pliki nagłówkowe\MESHES\BUILDERS\MeshBuilders</Filter>
    </ClInclude>
    <ClInclude Include="Include\CubeColiderBuilder.h">
      <Filter>Pliki nagłówkowe\MESHES\BUILDERS\MeshBuilders</Filter>
    </ClInclude>
    <ClInclude Include="Include\LoadedObjectBuilder.h">
      <Filter>Pliki nagłówkowe\MESHES\BUILDERS\ObjectBuilder</Filter>
    </ClInclude>
    <ClInclude Include="Include\ScreenQuadBuilder.h">
      <Filter>Pliki nagłówkowe\MESHES\BUILDERS\ObjectBuilder</Filter>
    </ClInclude>
    <ClInclude Include="Include\ScreenQuadMeshBuilder.h">
      <Filter>Pliki nagłówkowe\MESHES\BUILDERS\MeshBuilders</Filter>
    </ClInclude>
    <ClInclude Include="Include\ObjectBuilder.h">
      <Filter>Pliki nagłówkowe\MESHES\BUILDERS\ObjectBuilder</Filter>
    </ClInclude>
  </ItemGroup>
</Project>